{
   "dependencies": {
     "CPM.cmake": {
       "version": "git+https://github.com/cpm-cmake/CPM.cmake#v0.31.1",
       "integrity": "sha512-a3d1048ad690d17ac3f97ad6e421f7498ff62f0d",
       "dev": false,
       "optional": false,
     },
     "matplotplusplus": {
       "version": "git+https://github.com/alandefreitas/matplotplusplus#v1.0.1",
       "integrity": "sha512-5c9fa683672c8e555356374a80efb16e000c8459",
       "dev": false,
       "optional": false,
     },
   }
 }
